{
  "nodes": {
    "declarative-cachix": {
      "locked": {
        "lastModified": 1625560633,
        "narHash": "sha256-Uhg950dgJiytcaecOJ3KB2MWDOdtUEogVyon9m6J/3g=",
        "owner": "jonascarpay",
        "repo": "declarative-cachix",
        "rev": "1986455ab3e55804458bf6e7d2a5f5b8a68defce",
        "type": "github"
      },
      "original": {
        "owner": "jonascarpay",
        "ref": "master",
        "repo": "declarative-cachix",
        "type": "github"
      }
    },
    "emacs-overlay": {
      "locked": {
        "lastModified": 1636681505,
        "narHash": "sha256-yzNMND5Gf1jZHGTbI8xYC8l0FXAQIlafg9dYrrE6bGc=",
        "owner": "nix-community",
        "repo": "emacs-overlay",
        "rev": "209234286d219ca9990707a1f2377e731048bbd2",
        "type": "github"
      },
      "original": {
        "owner": "nix-community",
        "ref": "master",
        "repo": "emacs-overlay",
        "type": "github"
      }
    },
    "home-manager": {
      "inputs": {
        "nixpkgs": [
          "nixpkgs"
        ]
      },
      "locked": {
        "lastModified": 1636520380,
        "narHash": "sha256-gBiQ8+AQG6Dia34rqJDuqs6VFe/J1SjIhOZBeTXCKQI=",
        "owner": "rycee",
        "repo": "home-manager",
        "rev": "1e5c8e9bff00d0844bc3d25d1a98eab5633e600b",
        "type": "github"
      },
      "original": {
        "owner": "rycee",
        "ref": "master",
        "repo": "home-manager",
        "type": "github"
      }
    },
    "nixpkgs": {
      "locked": {
        "lastModified": 1636443933,
        "narHash": "sha256-ABJmNQdzFWWxaqkb0C0kd9f/MmUtmnQrxm9sZPhgm/s=",
        "owner": "NixOS",
        "repo": "nixpkgs",
        "rev": "9e70e9f732fbb15872cb4ea11bd43c14328a0b69",
        "type": "github"
      },
      "original": {
        "owner": "NixOS",
        "ref": "nixos-unstable",
        "repo": "nixpkgs",
        "type": "github"
      }
    },
    "nur": {
      "locked": {
        "lastModified": 1636690054,
        "narHash": "sha256-opY4a12y/OIfrSqHlWaIrMb/UHiUVZEgEnVIuZVg8zs=",
        "owner": "nix-community",
        "repo": "NUR",
        "rev": "1b03b7bff7b22dfd6dbfd9465edf496dcbee2eb2",
        "type": "github"
      },
      "original": {
        "owner": "nix-community",
        "repo": "NUR",
        "type": "github"
      }
    },
    "root": {
      "inputs": {
        "declarative-cachix": "declarative-cachix",
        "emacs-overlay": "emacs-overlay",
        "home-manager": "home-manager",
        "nixpkgs": "nixpkgs",
        "nur": "nur"
      }
    }
  },
  "root": "root",
  "version": 7
}
