{
  "nodes": {
    "declarative-cachix": {
      "locked": {
        "lastModified": 1625560633,
        "narHash": "sha256-Uhg950dgJiytcaecOJ3KB2MWDOdtUEogVyon9m6J/3g=",
        "owner": "jonascarpay",
        "repo": "declarative-cachix",
        "rev": "1986455ab3e55804458bf6e7d2a5f5b8a68defce",
        "type": "github"
      },
      "original": {
        "owner": "jonascarpay",
        "ref": "master",
        "repo": "declarative-cachix",
        "type": "github"
      }
    },
    "emacs-overlay": {
      "locked": {
        "lastModified": 1639446817,
        "narHash": "sha256-mImncqYBGgto1mcdun8vV/JMILgcLvaAskbR4o7MkJE=",
        "owner": "nix-community",
        "repo": "emacs-overlay",
        "rev": "90e1419696ac7f13f2a5be35fddd85af8068cabb",
        "type": "github"
      },
      "original": {
        "owner": "nix-community",
        "ref": "master",
        "repo": "emacs-overlay",
        "type": "github"
      }
    },
    "home-manager": {
      "inputs": {
        "nixpkgs": [
          "nixpkgs"
        ]
      },
      "locked": {
        "lastModified": 1639464984,
        "narHash": "sha256-AOD8hPHpF0XFSk3AO5PWEETNX9M2cYZgMZQ91xA7g6E=",
        "owner": "rycee",
        "repo": "home-manager",
        "rev": "c1677de31a53972a21201d56d4a792461b0c8e73",
        "type": "github"
      },
      "original": {
        "owner": "rycee",
        "ref": "master",
        "repo": "home-manager",
        "type": "github"
      }
    },
    "nixpkgs": {
      "locked": {
        "lastModified": 1639347265,
        "narHash": "sha256-q5feWoC64+h6T6J89o2HJJ8DOnB/4vwMODBlZIgeIlA=",
        "owner": "NixOS",
        "repo": "nixpkgs",
        "rev": "b0bf5f888d377dd2f36d90340df6dc9f035aaada",
        "type": "github"
      },
      "original": {
        "owner": "NixOS",
        "ref": "nixos-unstable",
        "repo": "nixpkgs",
        "type": "github"
      }
    },
    "nur": {
      "locked": {
        "lastModified": 1639477869,
        "narHash": "sha256-Zw4PEKhSTogAWg6wBCcIJ+onhcdIyFXFy8+MXYNG+Yo=",
        "owner": "nix-community",
        "repo": "NUR",
        "rev": "62e7f3a78683db271f2ee2a4f498253d8a40708b",
        "type": "github"
      },
      "original": {
        "owner": "nix-community",
        "repo": "NUR",
        "type": "github"
      }
    },
    "root": {
      "inputs": {
        "declarative-cachix": "declarative-cachix",
        "emacs-overlay": "emacs-overlay",
        "home-manager": "home-manager",
        "nixpkgs": "nixpkgs",
        "nur": "nur"
      }
    }
  },
  "root": "root",
  "version": 7
}
