{
  "name": "romcal",
  "lockfileVersion": 2,
  "requires": true,
  "packages": {
    "": {
      "dependencies": {
        "romcal": "^3.0.0-dev.10"
      }
    },
    "node_modules/@babel/runtime": {
      "version": "7.17.2",
      "resolved": "https://registry.npmjs.org/@babel/runtime/-/runtime-7.17.2.tgz",
      "integrity": "sha512-hzeyJyMA1YGdJTuWU0e/j4wKXrU4OMFvY2MSlaI9B7VQb0r5cxTE3EAIS2Q7Tn2RIcDkRvTA/v2JsAEhxe99uw==",
      "dependencies": {
        "regenerator-runtime": "^0.13.4"
      },
      "engines": {
        "node": ">=6.9.0"
      }
    },
    "node_modules/i18next": {
      "version": "21.6.13",
      "resolved": "https://registry.npmjs.org/i18next/-/i18next-21.6.13.tgz",
      "integrity": "sha512-MVjNttw+5mIuu2/fwTpSU0EeI7iU/6pnDvGQboCzkILiv0/gD+FLZaF7qSHmUHO4ZkE6xJQ9SlBgGvMHxhC82Q==",
      "funding": [
        {
          "type": "individual",
          "url": "https://locize.com"
        },
        {
          "type": "individual",
          "url": "https://locize.com/i18next.html"
        },
        {
          "type": "individual",
          "url": "https://www.i18next.com/how-to/faq#i18next-is-awesome.-how-can-i-support-the-project"
        }
      ],
      "dependencies": {
        "@babel/runtime": "^7.12.0"
      }
    },
    "node_modules/regenerator-runtime": {
      "version": "0.13.9",
      "resolved": "https://registry.npmjs.org/regenerator-runtime/-/regenerator-runtime-0.13.9.tgz",
      "integrity": "sha512-p3VT+cOEgxFsRRA9X4lkI1E+k2/CtnKtU4gcxyaCUreilL/vqI6CdZ3wxVUx3UOUg+gnUOQQcRI7BmSI656MYA=="
    },
    "node_modules/romcal": {
      "version": "3.0.0-dev.10",
      "resolved": "https://registry.npmjs.org/romcal/-/romcal-3.0.0-dev.10.tgz",
      "integrity": "sha512-i0NODi6LPwjTCpllq27Ss5HHXDX+d8IVKKEs6YKZxLYUYCSsnilVVas/0LLey0EX+09n+iDGlzPctrN2Q/4Cpg==",
      "dependencies": {
        "i18next": "^21.6.0"
      },
      "engines": {
        "node": "^14.16 || >=16.0.0"
      }
    }
  },
  "dependencies": {
    "@babel/runtime": {
      "version": "7.17.2",
      "resolved": "https://registry.npmjs.org/@babel/runtime/-/runtime-7.17.2.tgz",
      "integrity": "sha512-hzeyJyMA1YGdJTuWU0e/j4wKXrU4OMFvY2MSlaI9B7VQb0r5cxTE3EAIS2Q7Tn2RIcDkRvTA/v2JsAEhxe99uw==",
      "requires": {
        "regenerator-runtime": "^0.13.4"
      }
    },
    "i18next": {
      "version": "21.6.13",
      "resolved": "https://registry.npmjs.org/i18next/-/i18next-21.6.13.tgz",
      "integrity": "sha512-MVjNttw+5mIuu2/fwTpSU0EeI7iU/6pnDvGQboCzkILiv0/gD+FLZaF7qSHmUHO4ZkE6xJQ9SlBgGvMHxhC82Q==",
      "requires": {
        "@babel/runtime": "^7.12.0"
      }
    },
    "regenerator-runtime": {
      "version": "0.13.9",
      "resolved": "https://registry.npmjs.org/regenerator-runtime/-/regenerator-runtime-0.13.9.tgz",
      "integrity": "sha512-p3VT+cOEgxFsRRA9X4lkI1E+k2/CtnKtU4gcxyaCUreilL/vqI6CdZ3wxVUx3UOUg+gnUOQQcRI7BmSI656MYA=="
    },
    "romcal": {
      "version": "3.0.0-dev.10",
      "resolved": "https://registry.npmjs.org/romcal/-/romcal-3.0.0-dev.10.tgz",
      "integrity": "sha512-i0NODi6LPwjTCpllq27Ss5HHXDX+d8IVKKEs6YKZxLYUYCSsnilVVas/0LLey0EX+09n+iDGlzPctrN2Q/4Cpg==",
      "requires": {
        "i18next": "^21.6.0"
      }
    }
  }
}
